// !$*UTF8*$!
{
	archiveVersion = 1;
	classes = {
	};
	objectVersion = 56;
	objects = {

/* Begin PBXBuildFile section */
		000FC9702BA876D400D570D0 /* AppDelegate.swift in Sources */ = {isa = PBXBuildFile; fileRef = 000FC96F2BA876D400D570D0 /* AppDelegate.swift */; };
		000FC9722BA876D400D570D0 /* SceneDelegate.swift in Sources */ = {isa = PBXBuildFile; fileRef = 000FC9712BA876D400D570D0 /* SceneDelegate.swift */; };
		000FC9742BA876D400D570D0 /* RMTabViewController.swift in Sources */ = {isa = PBXBuildFile; fileRef = 000FC9732BA876D400D570D0 /* RMTabViewController.swift */; };
		000FC9792BA876D600D570D0 /* Assets.xcassets in Resources */ = {isa = PBXBuildFile; fileRef = 000FC9782BA876D600D570D0 /* Assets.xcassets */; };
		000FC97C2BA876D600D570D0 /* Base in Resources */ = {isa = PBXBuildFile; fileRef = 000FC97B2BA876D600D570D0 /* Base */; };
		000FC98E2BA87BA900D570D0 /* RMLocation.swift in Sources */ = {isa = PBXBuildFile; fileRef = 000FC98D2BA87BA900D570D0 /* RMLocation.swift */; };
		000FC9902BA87BC300D570D0 /* RMCharacter.swift in Sources */ = {isa = PBXBuildFile; fileRef = 000FC98F2BA87BC300D570D0 /* RMCharacter.swift */; };
		000FC9922BA87BDD00D570D0 /* RMEpisode.swift in Sources */ = {isa = PBXBuildFile; fileRef = 000FC9912BA87BDD00D570D0 /* RMEpisode.swift */; };
		000FC9962BA87D0C00D570D0 /* RMCharacterViewController.swift in Sources */ = {isa = PBXBuildFile; fileRef = 000FC9952BA87D0C00D570D0 /* RMCharacterViewController.swift */; };
		000FC9982BA87D4700D570D0 /* RMLocationViewController.swift in Sources */ = {isa = PBXBuildFile; fileRef = 000FC9972BA87D4700D570D0 /* RMLocationViewController.swift */; };
		000FC99A2BA87D6100D570D0 /* RMEpisodeViewController.swift in Sources */ = {isa = PBXBuildFile; fileRef = 000FC9992BA87D6100D570D0 /* RMEpisodeViewController.swift */; };
		000FC99C2BA87D8400D570D0 /* RMSettingsViewController.swift in Sources */ = {isa = PBXBuildFile; fileRef = 000FC99B2BA87D8400D570D0 /* RMSettingsViewController.swift */; };
		000FC99E2BA9CB0600D570D0 /* RMService.swift in Sources */ = {isa = PBXBuildFile; fileRef = 000FC99D2BA9CB0600D570D0 /* RMService.swift */; };
		000FC9A02BA9CB2E00D570D0 /* RMRequest.swift in Sources */ = {isa = PBXBuildFile; fileRef = 000FC99F2BA9CB2E00D570D0 /* RMRequest.swift */; };
		000FC9A22BA9CC9700D570D0 /* RMEndpoint.swift in Sources */ = {isa = PBXBuildFile; fileRef = 000FC9A12BA9CC9700D570D0 /* RMEndpoint.swift */; };
/* End PBXBuildFile section */

/* Begin PBXFileReference section */
		000FC96C2BA876D400D570D0 /* RickandMorty.app */ = {isa = PBXFileReference; explicitFileType = wrapper.application; includeInIndex = 0; path = RickandMorty.app; sourceTree = BUILT_PRODUCTS_DIR; };
		000FC96F2BA876D400D570D0 /* AppDelegate.swift */ = {isa = PBXFileReference; lastKnownFileType = sourcecode.swift; path = AppDelegate.swift; sourceTree = "<group>"; };
		000FC9712BA876D400D570D0 /* SceneDelegate.swift */ = {isa = PBXFileReference; lastKnownFileType = sourcecode.swift; path = SceneDelegate.swift; sourceTree = "<group>"; };
		000FC9732BA876D400D570D0 /* RMTabViewController.swift */ = {isa = PBXFileReference; lastKnownFileType = sourcecode.swift; path = RMTabViewController.swift; sourceTree = "<group>"; };
		000FC9782BA876D600D570D0 /* Assets.xcassets */ = {isa = PBXFileReference; lastKnownFileType = folder.assetcatalog; path = Assets.xcassets; sourceTree = "<group>"; };
		000FC97B2BA876D600D570D0 /* Base */ = {isa = PBXFileReference; lastKnownFileType = file.storyboard; name = Base; path = Base.lproj/LaunchScreen.storyboard; sourceTree = "<group>"; };
		000FC97D2BA876D600D570D0 /* Info.plist */ = {isa = PBXFileReference; lastKnownFileType = text.plist.xml; path = Info.plist; sourceTree = "<group>"; };
		000FC98D2BA87BA900D570D0 /* RMLocation.swift */ = {isa = PBXFileReference; lastKnownFileType = sourcecode.swift; path = RMLocation.swift; sourceTree = "<group>"; };
		000FC98F2BA87BC300D570D0 /* RMCharacter.swift */ = {isa = PBXFileReference; lastKnownFileType = sourcecode.swift; path = RMCharacter.swift; sourceTree = "<group>"; };
		000FC9912BA87BDD00D570D0 /* RMEpisode.swift */ = {isa = PBXFileReference; lastKnownFileType = sourcecode.swift; path = RMEpisode.swift; sourceTree = "<group>"; };
		000FC9952BA87D0C00D570D0 /* RMCharacterViewController.swift */ = {isa = PBXFileReference; lastKnownFileType = sourcecode.swift; path = RMCharacterViewController.swift; sourceTree = "<group>"; };
		000FC9972BA87D4700D570D0 /* RMLocationViewController.swift */ = {isa = PBXFileReference; lastKnownFileType = sourcecode.swift; path = RMLocationViewController.swift; sourceTree = "<group>"; };
		000FC9992BA87D6100D570D0 /* RMEpisodeViewController.swift */ = {isa = PBXFileReference; lastKnownFileType = sourcecode.swift; path = RMEpisodeViewController.swift; sourceTree = "<group>"; };
		000FC99B2BA87D8400D570D0 /* RMSettingsViewController.swift */ = {isa = PBXFileReference; lastKnownFileType = sourcecode.swift; path = RMSettingsViewController.swift; sourceTree = "<group>"; };
		000FC99D2BA9CB0600D570D0 /* RMService.swift */ = {isa = PBXFileReference; lastKnownFileType = sourcecode.swift; path = RMService.swift; sourceTree = "<group>"; };
		000FC99F2BA9CB2E00D570D0 /* RMRequest.swift */ = {isa = PBXFileReference; lastKnownFileType = sourcecode.swift; path = RMRequest.swift; sourceTree = "<group>"; };
		000FC9A12BA9CC9700D570D0 /* RMEndpoint.swift */ = {isa = PBXFileReference; lastKnownFileType = sourcecode.swift; path = RMEndpoint.swift; sourceTree = "<group>"; };
/* End PBXFileReference section */

/* Begin PBXFrameworksBuildPhase section */
		000FC9692BA876D400D570D0 /* Frameworks */ = {
			isa = PBXFrameworksBuildPhase;
			buildActionMask = 2147483647;
			files = (
			);
			runOnlyForDeploymentPostprocessing = 0;
		};
/* End PBXFrameworksBuildPhase section */

/* Begin PBXGroup section */
		000FC9632BA876D400D570D0 = {
			isa = PBXGroup;
			children = (
				000FC96E2BA876D400D570D0 /* RickandMorty */,
				000FC96D2BA876D400D570D0 /* Products */,
			);
			sourceTree = "<group>";
		};
		000FC96D2BA876D400D570D0 /* Products */ = {
			isa = PBXGroup;
			children = (
				000FC96C2BA876D400D570D0 /* RickandMorty.app */,
			);
			name = Products;
			sourceTree = "<group>";
		};
		000FC96E2BA876D400D570D0 /* RickandMorty */ = {
			isa = PBXGroup;
			children = (
				000FC98C2BA87AC400D570D0 /* Resources */,
				000FC98B2BA87AAF00D570D0 /* Managers */,
				000FC98A2BA87A9900D570D0 /* APIClient */,
				000FC9882BA87A6100D570D0 /* ViewModels */,
				000FC9862BA87A3F00D570D0 /* Views */,
				000FC9852BA87A2B00D570D0 /* Models */,
				000FC9842BA87A1000D570D0 /* Controllers */,
				000FC97D2BA876D600D570D0 /* Info.plist */,
			);
			path = RickandMorty;
			sourceTree = "<group>";
		};
		000FC9842BA87A1000D570D0 /* Controllers */ = {
			isa = PBXGroup;
			children = (
				000FC9932BA87C6900D570D0 /* Core */,
			);
			path = Controllers;
			sourceTree = "<group>";
		};
		000FC9852BA87A2B00D570D0 /* Models */ = {
			isa = PBXGroup;
			children = (
				000FC98D2BA87BA900D570D0 /* RMLocation.swift */,
				000FC98F2BA87BC300D570D0 /* RMCharacter.swift */,
				000FC9912BA87BDD00D570D0 /* RMEpisode.swift */,
			);
			path = Models;
			sourceTree = "<group>";
		};
		000FC9862BA87A3F00D570D0 /* Views */ = {
			isa = PBXGroup;
			children = (
			);
			path = Views;
			sourceTree = "<group>";
		};
		000FC9882BA87A6100D570D0 /* ViewModels */ = {
			isa = PBXGroup;
			children = (
			);
			path = ViewModels;
			sourceTree = "<group>";
		};
		000FC98A2BA87A9900D570D0 /* APIClient */ = {
			isa = PBXGroup;
			children = (
				000FC99D2BA9CB0600D570D0 /* RMService.swift */,
				000FC99F2BA9CB2E00D570D0 /* RMRequest.swift */,
				000FC9A12BA9CC9700D570D0 /* RMEndpoint.swift */,
			);
			path = APIClient;
			sourceTree = "<group>";
		};
		000FC98B2BA87AAF00D570D0 /* Managers */ = {
			isa = PBXGroup;
			children = (
			);
			path = Managers;
			sourceTree = "<group>";
		};
		000FC98C2BA87AC400D570D0 /* Resources */ = {
			isa = PBXGroup;
			children = (
				000FC9782BA876D600D570D0 /* Assets.xcassets */,
				000FC97A2BA876D600D570D0 /* LaunchScreen.storyboard */,
				000FC96F2BA876D400D570D0 /* AppDelegate.swift */,
				000FC9712BA876D400D570D0 /* SceneDelegate.swift */,
			);
			path = Resources;
			sourceTree = "<group>";
		};
		000FC9932BA87C6900D570D0 /* Core */ = {
			isa = PBXGroup;
			children = (
				000FC9732BA876D400D570D0 /* RMTabViewController.swift */,
				000FC9952BA87D0C00D570D0 /* RMCharacterViewController.swift */,
				000FC9972BA87D4700D570D0 /* RMLocationViewController.swift */,
				000FC9992BA87D6100D570D0 /* RMEpisodeViewController.swift */,
				000FC99B2BA87D8400D570D0 /* RMSettingsViewController.swift */,
			);
			path = Core;
			sourceTree = "<group>";
		};
/* End PBXGroup section */

/* Begin PBXNativeTarget section */
		000FC96B2BA876D400D570D0 /* RickandMorty */ = {
			isa = PBXNativeTarget;
			buildConfigurationList = 000FC9802BA876D600D570D0 /* Build configuration list for PBXNativeTarget "RickandMorty" */;
			buildPhases = (
				000FC9682BA876D400D570D0 /* Sources */,
				000FC9692BA876D400D570D0 /* Frameworks */,
				000FC96A2BA876D400D570D0 /* Resources */,
			);
			buildRules = (
			);
			dependencies = (
			);
			name = RickandMorty;
			productName = RickandMorty;
			productReference = 000FC96C2BA876D400D570D0 /* RickandMorty.app */;
			productType = "com.apple.product-type.application";
		};
/* End PBXNativeTarget section */

/* Begin PBXProject section */
		000FC9642BA876D400D570D0 /* Project object */ = {
			isa = PBXProject;
			attributes = {
				BuildIndependentTargetsInParallel = 1;
				LastSwiftUpdateCheck = 1530;
				LastUpgradeCheck = 1530;
				TargetAttributes = {
					000FC96B2BA876D400D570D0 = {
						CreatedOnToolsVersion = 15.3;
					};
				};
			};
			buildConfigurationList = 000FC9672BA876D400D570D0 /* Build configuration list for PBXProject "RickandMorty" */;
			compatibilityVersion = "Xcode 14.0";
			developmentRegion = en;
			hasScannedForEncodings = 0;
			knownRegions = (
				en,
				Base,
			);
			mainGroup = 000FC9632BA876D400D570D0;
			productRefGroup = 000FC96D2BA876D400D570D0 /* Products */;
			projectDirPath = "";
			projectRoot = "";
			targets = (
				000FC96B2BA876D400D570D0 /* RickandMorty */,
			);
		};
/* End PBXProject section */

/* Begin PBXResourcesBuildPhase section */
		000FC96A2BA876D400D570D0 /* Resources */ = {
			isa = PBXResourcesBuildPhase;
			buildActionMask = 2147483647;
			files = (
				000FC9792BA876D600D570D0 /* Assets.xcassets in Resources */,
				000FC97C2BA876D600D570D0 /* Base in Resources */,
			);
			runOnlyForDeploymentPostprocessing = 0;
		};
/* End PBXResourcesBuildPhase section */

/* Begin PBXSourcesBuildPhase section */
		000FC9682BA876D400D570D0 /* Sources */ = {
			isa = PBXSourcesBuildPhase;
			buildActionMask = 2147483647;
			files = (
				000FC9982BA87D4700D570D0 /* RMLocationViewController.swift in Sources */,
				000FC9922BA87BDD00D570D0 /* RMEpisode.swift in Sources */,
				000FC9742BA876D400D570D0 /* RMTabViewController.swift in Sources */,
				000FC99A2BA87D6100D570D0 /* RMEpisodeViewController.swift in Sources */,
				000FC9702BA876D400D570D0 /* AppDelegate.swift in Sources */,
				000FC9722BA876D400D570D0 /* SceneDelegate.swift in Sources */,
				000FC99C2BA87D8400D570D0 /* RMSettingsViewController.swift in Sources */,
				000FC99E2BA9CB0600D570D0 /* RMService.swift in Sources */,
				000FC98E2BA87BA900D570D0 /* RMLocation.swift in Sources */,
				000FC9A22BA9CC9700D570D0 /* RMEndpoint.swift in Sources */,
				000FC9902BA87BC300D570D0 /* RMCharacter.swift in Sources */,
				000FC9A02BA9CB2E00D570D0 /* RMRequest.swift in Sources */,
				000FC9962BA87D0C00D570D0 /* RMCharacterViewController.swift in Sources */,
			);
			runOnlyForDeploymentPostprocessing = 0;
		};
/* End PBXSourcesBuildPhase section */

/* Begin PBXVariantGroup section */
		000FC97A2BA876D600D570D0 /* LaunchScreen.storyboard */ = {
			isa = PBXVariantGroup;
			children = (
				000FC97B2BA876D600D570D0 /* Base */,
			);
			name = LaunchScreen.storyboard;
			sourceTree = "<group>";
		};
/* End PBXVariantGroup section */

/* Begin XCBuildConfiguration section */
		000FC97E2BA876D600D570D0 /* Debug */ = {
			isa = XCBuildConfiguration;
			buildSettings = {
				ALWAYS_SEARCH_USER_PATHS = NO;
				ASSETCATALOG_COMPILER_GENERATE_SWIFT_ASSET_SYMBOL_EXTENSIONS = YES;
				CLANG_ANALYZER_NONNULL = YES;
				CLANG_ANALYZER_NUMBER_OBJECT_CONVERSION = YES_AGGRESSIVE;
				CLANG_CXX_LANGUAGE_STANDARD = "gnu++20";
				CLANG_ENABLE_MODULES = YES;
				CLANG_ENABLE_OBJC_ARC = YES;
				CLANG_ENABLE_OBJC_WEAK = YES;
				CLANG_WARN_BLOCK_CAPTURE_AUTORELEASING = YES;
				CLANG_WARN_BOOL_CONVERSION = YES;
				CLANG_WARN_COMMA = YES;
				CLANG_WARN_CONSTANT_CONVERSION = YES;
				CLANG_WARN_DEPRECATED_OBJC_IMPLEMENTATIONS = YES;
				CLANG_WARN_DIRECT_OBJC_ISA_USAGE = YES_ERROR;
				CLANG_WARN_DOCUMENTATION_COMMENTS = YES;
				CLANG_WARN_EMPTY_BODY = YES;
				CLANG_WARN_ENUM_CONVERSION = YES;
				CLANG_WARN_INFINITE_RECURSION = YES;
				CLANG_WARN_INT_CONVERSION = YES;
				CLANG_WARN_NON_LITERAL_NULL_CONVERSION = YES;
				CLANG_WARN_OBJC_IMPLICIT_RETAIN_SELF = YES;
				CLANG_WARN_OBJC_LITERAL_CONVERSION = YES;
				CLANG_WARN_OBJC_ROOT_CLASS = YES_ERROR;
				CLANG_WARN_QUOTED_INCLUDE_IN_FRAMEWORK_HEADER = YES;
				CLANG_WARN_RANGE_LOOP_ANALYSIS = YES;
				CLANG_WARN_STRICT_PROTOTYPES = YES;
				CLANG_WARN_SUSPICIOUS_MOVE = YES;
				CLANG_WARN_UNGUARDED_AVAILABILITY = YES_AGGRESSIVE;
				CLANG_WARN_UNREACHABLE_CODE = YES;
				CLANG_WARN__DUPLICATE_METHOD_MATCH = YES;
				COPY_PHASE_STRIP = NO;
				DEBUG_INFORMATION_FORMAT = dwarf;
				ENABLE_STRICT_OBJC_MSGSEND = YES;
				ENABLE_TESTABILITY = YES;
				ENABLE_USER_SCRIPT_SANDBOXING = YES;
				GCC_C_LANGUAGE_STANDARD = gnu17;
				GCC_DYNAMIC_NO_PIC = NO;
				GCC_NO_COMMON_BLOCKS = YES;
				GCC_OPTIMIZATION_LEVEL = 0;
				GCC_PREPROCESSOR_DEFINITIONS = (
					"DEBUG=1",
					"$(inherited)",
				);
				GCC_WARN_64_TO_32_BIT_CONVERSION = YES;
				GCC_WARN_ABOUT_RETURN_TYPE = YES_ERROR;
				GCC_WARN_UNDECLARED_SELECTOR = YES;
				GCC_WARN_UNINITIALIZED_AUTOS = YES_AGGRESSIVE;
				GCC_WARN_UNUSED_FUNCTION = YES;
				GCC_WARN_UNUSED_VARIABLE = YES;
				IPHONEOS_DEPLOYMENT_TARGET = 17.4;
				LOCALIZATION_PREFERS_STRING_CATALOGS = YES;
				MTL_ENABLE_DEBUG_INFO = INCLUDE_SOURCE;
				MTL_FAST_MATH = YES;
				ONLY_ACTIVE_ARCH = YES;
				SDKROOT = iphoneos;
				SWIFT_ACTIVE_COMPILATION_CONDITIONS = "DEBUG $(inherited)";
				SWIFT_OPTIMIZATION_LEVEL = "-Onone";
			};
			name = Debug;
		};
		000FC97F2BA876D600D570D0 /* Release */ = {
			isa = XCBuildConfiguration;
			buildSettings = {
				ALWAYS_SEARCH_USER_PATHS = NO;
				ASSETCATALOG_COMPILER_GENERATE_SWIFT_ASSET_SYMBOL_EXTENSIONS = YES;
				CLANG_ANALYZER_NONNULL = YES;
				CLANG_ANALYZER_NUMBER_OBJECT_CONVERSION = YES_AGGRESSIVE;
				CLANG_CXX_LANGUAGE_STANDARD = "gnu++20";
				CLANG_ENABLE_MODULES = YES;
				CLANG_ENABLE_OBJC_ARC = YES;
				CLANG_ENABLE_OBJC_WEAK = YES;
				CLANG_WARN_BLOCK_CAPTURE_AUTORELEASING = YES;
				CLANG_WARN_BOOL_CONVERSION = YES;
				CLANG_WARN_COMMA = YES;
				CLANG_WARN_CONSTANT_CONVERSION = YES;
				CLANG_WARN_DEPRECATED_OBJC_IMPLEMENTATIONS = YES;
				CLANG_WARN_DIRECT_OBJC_ISA_USAGE = YES_ERROR;
				CLANG_WARN_DOCUMENTATION_COMMENTS = YES;
				CLANG_WARN_EMPTY_BODY = YES;
				CLANG_WARN_ENUM_CONVERSION = YES;
				CLANG_WARN_INFINITE_RECURSION = YES;
				CLANG_WARN_INT_CONVERSION = YES;
				CLANG_WARN_NON_LITERAL_NULL_CONVERSION = YES;
				CLANG_WARN_OBJC_IMPLICIT_RETAIN_SELF = YES;
				CLANG_WARN_OBJC_LITERAL_CONVERSION = YES;
				CLANG_WARN_OBJC_ROOT_CLASS = YES_ERROR;
				CLANG_WARN_QUOTED_INCLUDE_IN_FRAMEWORK_HEADER = YES;
				CLANG_WARN_RANGE_LOOP_ANALYSIS = YES;
				CLANG_WARN_STRICT_PROTOTYPES = YES;
				CLANG_WARN_SUSPICIOUS_MOVE = YES;
				CLANG_WARN_UNGUARDED_AVAILABILITY = YES_AGGRESSIVE;
				CLANG_WARN_UNREACHABLE_CODE = YES;
				CLANG_WARN__DUPLICATE_METHOD_MATCH = YES;
				COPY_PHASE_STRIP = NO;
				DEBUG_INFORMATION_FORMAT = "dwarf-with-dsym";
				ENABLE_NS_ASSERTIONS = NO;
				ENABLE_STRICT_OBJC_MSGSEND = YES;
				ENABLE_USER_SCRIPT_SANDBOXING = YES;
				GCC_C_LANGUAGE_STANDARD = gnu17;
				GCC_NO_COMMON_BLOCKS = YES;
				GCC_WARN_64_TO_32_BIT_CONVERSION = YES;
				GCC_WARN_ABOUT_RETURN_TYPE = YES_ERROR;
				GCC_WARN_UNDECLARED_SELECTOR = YES;
				GCC_WARN_UNINITIALIZED_AUTOS = YES_AGGRESSIVE;
				GCC_WARN_UNUSED_FUNCTION = YES;
				GCC_WARN_UNUSED_VARIABLE = YES;
				IPHONEOS_DEPLOYMENT_TARGET = 17.4;
				LOCALIZATION_PREFERS_STRING_CATALOGS = YES;
				MTL_ENABLE_DEBUG_INFO = NO;
				MTL_FAST_MATH = YES;
				SDKROOT = iphoneos;
				SWIFT_COMPILATION_MODE = wholemodule;
				VALIDATE_PRODUCT = YES;
			};
			name = Release;
		};
		000FC9812BA876D600D570D0 /* Debug */ = {
			isa = XCBuildConfiguration;
			buildSettings = {
				ASSETCATALOG_COMPILER_APPICON_NAME = AppIcon;
				ASSETCATALOG_COMPILER_GLOBAL_ACCENT_COLOR_NAME = AccentColor;
				CODE_SIGN_STYLE = Automatic;
				CURRENT_PROJECT_VERSION = 1;
				GENERATE_INFOPLIST_FILE = YES;
				INFOPLIST_FILE = RickandMorty/Info.plist;
				INFOPLIST_KEY_UIApplicationSupportsIndirectInputEvents = YES;
				INFOPLIST_KEY_UILaunchStoryboardName = LaunchScreen;
				INFOPLIST_KEY_UISupportedInterfaceOrientations_iPad = "UIInterfaceOrientationPortrait UIInterfaceOrientationPortraitUpsideDown UIInterfaceOrientationLandscapeLeft UIInterfaceOrientationLandscapeRight";
				INFOPLIST_KEY_UISupportedInterfaceOrientations_iPhone = "UIInterfaceOrientationPortrait UIInterfaceOrientationLandscapeLeft UIInterfaceOrientationLandscapeRight";
				LD_RUNPATH_SEARCH_PATHS = (
					"$(inherited)",
					"@executable_path/Frameworks",
				);
				MARKETING_VERSION = 1.0;
				PRODUCT_BUNDLE_IDENTIFIER = com.doorstep.RickandMorty;
				PRODUCT_NAME = "$(TARGET_NAME)";
				SWIFT_EMIT_LOC_STRINGS = YES;
				SWIFT_VERSION = 5.0;
				TARGETED_DEVICE_FAMILY = "1,2";
			};
			name = Debug;
		};
		000FC9822BA876D600D570D0 /* Release */ = {
			isa = XCBuildConfiguration;
			buildSettings = {
				ASSETCATALOG_COMPILER_APPICON_NAME = AppIcon;
				ASSETCATALOG_COMPILER_GLOBAL_ACCENT_COLOR_NAME = AccentColor;
				CODE_SIGN_STYLE = Automatic;
				CURRENT_PROJECT_VERSION = 1;
				GENERATE_INFOPLIST_FILE = YES;
				INFOPLIST_FILE = RickandMorty/Info.plist;
				INFOPLIST_KEY_UIApplicationSupportsIndirectInputEvents = YES;
				INFOPLIST_KEY_UILaunchStoryboardName = LaunchScreen;
				INFOPLIST_KEY_UISupportedInterfaceOrientations_iPad = "UIInterfaceOrientationPortrait UIInterfaceOrientationPortraitUpsideDown UIInterfaceOrientationLandscapeLeft UIInterfaceOrientationLandscapeRight";
				INFOPLIST_KEY_UISupportedInterfaceOrientations_iPhone = "UIInterfaceOrientationPortrait UIInterfaceOrientationLandscapeLeft UIInterfaceOrientationLandscapeRight";
				LD_RUNPATH_SEARCH_PATHS = (
					"$(inherited)",
					"@executable_path/Frameworks",
				);
				MARKETING_VERSION = 1.0;
				PRODUCT_BUNDLE_IDENTIFIER = com.doorstep.RickandMorty;
				PRODUCT_NAME = "$(TARGET_NAME)";
				SWIFT_EMIT_LOC_STRINGS = YES;
				SWIFT_VERSION = 5.0;
				TARGETED_DEVICE_FAMILY = "1,2";
			};
			name = Release;
		};
/* End XCBuildConfiguration section */

/* Begin XCConfigurationList section */
		000FC9672BA876D400D570D0 /* Build configuration list for PBXProject "RickandMorty" */ = {
			isa = XCConfigurationList;
			buildConfigurations = (
				000FC97E2BA876D600D570D0 /* Debug */,
				000FC97F2BA876D600D570D0 /* Release */,
			);
			defaultConfigurationIsVisible = 0;
			defaultConfigurationName = Release;
		};
		000FC9802BA876D600D570D0 /* Build configuration list for PBXNativeTarget "RickandMorty" */ = {
			isa = XCConfigurationList;
			buildConfigurations = (
				000FC9812BA876D600D570D0 /* Debug */,
				000FC9822BA876D600D570D0 /* Release */,
			);
			defaultConfigurationIsVisible = 0;
			defaultConfigurationName = Release;
		};
/* End XCConfigurationList section */
	};
	rootObject = 000FC9642BA876D400D570D0 /* Project object */;
}
